
Microsoft Visual Studio Solution File, Format Version 12.00
# Visual Studio Version 17
VisualStudioVersion = 17.4.33110.190
MinimumVisualStudioVersion = 10.0.40219.1
Project("{FAE04EC0-301F-11D3-BF4B-00C04F79EFBC}") = "ToDoList", "ToDoList\ToDoList.csproj", "{8BCD7FD1-A65B-43F6-B8C7-A201E1EC6699}"
EndProject
Global
	GlobalSection(SolutionConfigurationPlatforms) = preSolution
		Debug|Any CPU = Debug|Any CPU
		Release|Any CPU = Release|Any CPU
	EndGlobalSection
	GlobalSection(ProjectConfigurationPlatforms) = postSolution
		{8BCD7FD1-A65B-43F6-B8C7-A201E1EC6699}.Debug|Any CPU.ActiveCfg = Debug|Any CPU
		{8BCD7FD1-A65B-43F6-B8C7-A201E1EC6699}.Debug|Any CPU.Build.0 = Debug|Any CPU
		{8BCD7FD1-A65B-43F6-B8C7-A201E1EC6699}.Release|Any CPU.ActiveCfg = Release|Any CPU
		{8BCD7FD1-A65B-43F6-B8C7-A201E1EC6699}.Release|Any CPU.Build.0 = Release|Any CPU
	EndGlobalSection
	GlobalSection(SolutionProperties) = preSolution
		HideSolutionNode = FALSE
	EndGlobalSection
	GlobalSection(ExtensibilityGlobals) = postSolution
		SolutionGuid = {E7B80BD7-3573-4B31-9181-68F1FD5300F2}
	EndGlobalSection
EndGlobal
